
Microsoft Visual Studio Solution File, Format Version 12.00
# Visual Studio Version 17
VisualStudioVersion = 17.1.32421.90
MinimumVisualStudioVersion = 10.0.40219.1
Project("{FAE04EC0-301F-11D3-BF4B-00C04F79EFBC}") = "Weather.Android", "Weather.Android\Weather.Android.csproj", "{88960F52-796B-4FE4-B7EE-D7BA02761C6C}"
EndProject
Project("{9A19103F-16F7-4668-BE54-9A1E7A4F7556}") = "Weather", "Weather\Weather.csproj", "{88DD0214-A69C-4F93-B3E9-A5EC9179C752}"
EndProject
Global
	GlobalSection(SolutionConfigurationPlatforms) = preSolution
		Debug|Any CPU = Debug|Any CPU
		Debug|iPhone = Debug|iPhone
		Debug|iPhoneSimulator = Debug|iPhoneSimulator
		Release|Any CPU = Release|Any CPU
		Release|iPhone = Release|iPhone
		Release|iPhoneSimulator = Release|iPhoneSimulator
	EndGlobalSection
	GlobalSection(ProjectConfigurationPlatforms) = postSolution
		{88960F52-796B-4FE4-B7EE-D7BA02761C6C}.Debug|Any CPU.ActiveCfg = Debug|Any CPU
		{88960F52-796B-4FE4-B7EE-D7BA02761C6C}.Debug|Any CPU.Build.0 = Debug|Any CPU
		{88960F52-796B-4FE4-B7EE-D7BA02761C6C}.Debug|Any CPU.Deploy.0 = Debug|Any CPU
		{88960F52-796B-4FE4-B7EE-D7BA02761C6C}.Debug|iPhone.ActiveCfg = Debug|Any CPU
		{88960F52-796B-4FE4-B7EE-D7BA02761C6C}.Debug|iPhone.Build.0 = Debug|Any CPU
		{88960F52-796B-4FE4-B7EE-D7BA02761C6C}.Debug|iPhone.Deploy.0 = Debug|Any CPU
		{88960F52-796B-4FE4-B7EE-D7BA02761C6C}.Debug|iPhoneSimulator.ActiveCfg = Debug|Any CPU
		{88960F52-796B-4FE4-B7EE-D7BA02761C6C}.Debug|iPhoneSimulator.Build.0 = Debug|Any CPU
		{88960F52-796B-4FE4-B7EE-D7BA02761C6C}.Debug|iPhoneSimulator.Deploy.0 = Debug|Any CPU
		{88960F52-796B-4FE4-B7EE-D7BA02761C6C}.Release|Any CPU.ActiveCfg = Release|Any CPU
		{88960F52-796B-4FE4-B7EE-D7BA02761C6C}.Release|Any CPU.Build.0 = Release|Any CPU
		{88960F52-796B-4FE4-B7EE-D7BA02761C6C}.Release|Any CPU.Deploy.0 = Release|Any CPU
		{88960F52-796B-4FE4-B7EE-D7BA02761C6C}.Release|iPhone.ActiveCfg = Release|Any CPU
		{88960F52-796B-4FE4-B7EE-D7BA02761C6C}.Release|iPhone.Build.0 = Release|Any CPU
		{88960F52-796B-4FE4-B7EE-D7BA02761C6C}.Release|iPhone.Deploy.0 = Release|Any CPU
		{88960F52-796B-4FE4-B7EE-D7BA02761C6C}.Release|iPhoneSimulator.ActiveCfg = Release|Any CPU
		{88960F52-796B-4FE4-B7EE-D7BA02761C6C}.Release|iPhoneSimulator.Build.0 = Release|Any CPU
		{88960F52-796B-4FE4-B7EE-D7BA02761C6C}.Release|iPhoneSimulator.Deploy.0 = Release|Any CPU
		{88DD0214-A69C-4F93-B3E9-A5EC9179C752}.Debug|Any CPU.ActiveCfg = Debug|Any CPU
		{88DD0214-A69C-4F93-B3E9-A5EC9179C752}.Debug|Any CPU.Build.0 = Debug|Any CPU
		{88DD0214-A69C-4F93-B3E9-A5EC9179C752}.Debug|Any CPU.Deploy.0 = Debug|Any CPU
		{88DD0214-A69C-4F93-B3E9-A5EC9179C752}.Debug|iPhone.ActiveCfg = Debug|Any CPU
		{88DD0214-A69C-4F93-B3E9-A5EC9179C752}.Debug|iPhone.Build.0 = Debug|Any CPU
		{88DD0214-A69C-4F93-B3E9-A5EC9179C752}.Debug|iPhoneSimulator.ActiveCfg = Debug|Any CPU
		{88DD0214-A69C-4F93-B3E9-A5EC9179C752}.Debug|iPhoneSimulator.Build.0 = Debug|Any CPU
		{88DD0214-A69C-4F93-B3E9-A5EC9179C752}.Release|Any CPU.ActiveCfg = Release|Any CPU
		{88DD0214-A69C-4F93-B3E9-A5EC9179C752}.Release|Any CPU.Build.0 = Release|Any CPU
		{88DD0214-A69C-4F93-B3E9-A5EC9179C752}.Release|Any CPU.Deploy.0 = Release|Any CPU
		{88DD0214-A69C-4F93-B3E9-A5EC9179C752}.Release|iPhone.ActiveCfg = Release|Any CPU
		{88DD0214-A69C-4F93-B3E9-A5EC9179C752}.Release|iPhone.Build.0 = Release|Any CPU
		{88DD0214-A69C-4F93-B3E9-A5EC9179C752}.Release|iPhoneSimulator.ActiveCfg = Release|Any CPU
		{88DD0214-A69C-4F93-B3E9-A5EC9179C752}.Release|iPhoneSimulator.Build.0 = Release|Any CPU
	EndGlobalSection
	GlobalSection(SolutionProperties) = preSolution
		HideSolutionNode = FALSE
	EndGlobalSection
	GlobalSection(ExtensibilityGlobals) = postSolution
		SolutionGuid = {A75C838D-2212-49D8-BF60-06A792730B3F}
	EndGlobalSection
EndGlobal
